Microsoft Visual Studio Solution File, Format Version 11.00
# Visual Studio 2010
Project("{FAE04EC0-301F-11D3-BF4B-00C04F79EFBC}") = "ColumnMenuCustomization", "ColumnMenuCustomization\ColumnMenuCustomization.csproj", "{FFD62B32-8234-466B-B10D-53498CE1D71A}"
EndProject
Global
	GlobalSection(SolutionConfigurationPlatforms) = preSolution
		Debug|Any CPU = Debug|Any CPU
		Release|Any CPU = Release|Any CPU
	EndGlobalSection
	GlobalSection(ProjectConfigurationPlatforms) = postSolution
		{FFD62B32-8234-466B-B10D-53498CE1D71A}.Debug|Any CPU.ActiveCfg = Debug|Any CPU
		{FFD62B32-8234-466B-B10D-53498CE1D71A}.Debug|Any CPU.Build.0 = Debug|Any CPU
		{FFD62B32-8234-466B-B10D-53498CE1D71A}.Release|Any CPU.ActiveCfg = Release|Any CPU
		{FFD62B32-8234-466B-B10D-53498CE1D71A}.Release|Any CPU.Build.0 = Release|Any CPU
	EndGlobalSection
	GlobalSection(SolutionProperties) = preSolution
		HideSolutionNode = FALSE
	EndGlobalSection
EndGlobal
